
Microsoft Visual Studio Solution File, Format Version 12.00
# Visual Studio Version 17
VisualStudioVersion = 17.9.34728.123
MinimumVisualStudioVersion = 10.0.40219.1
Project("{FAE04EC0-301F-11D3-BF4B-00C04F79EFBC}") = "KukuruzaInk", "KukuruzaInk.csproj", "{0C88D722-CF6B-425F-AE6F-CCB1C376BC40}"
EndProject
Global
	GlobalSection(SolutionConfigurationPlatforms) = preSolution
		Debug|Any CPU = Debug|Any CPU
		Release|Any CPU = Release|Any CPU
	EndGlobalSection
	GlobalSection(ProjectConfigurationPlatforms) = postSolution
		{0C88D722-CF6B-425F-AE6F-CCB1C376BC40}.Debug|Any CPU.ActiveCfg = Debug|Any CPU
		{0C88D722-CF6B-425F-AE6F-CCB1C376BC40}.Debug|Any CPU.Build.0 = Debug|Any CPU
		{0C88D722-CF6B-425F-AE6F-CCB1C376BC40}.Release|Any CPU.ActiveCfg = Release|Any CPU
		{0C88D722-CF6B-425F-AE6F-CCB1C376BC40}.Release|Any CPU.Build.0 = Release|Any CPU
	EndGlobalSection
	GlobalSection(SolutionProperties) = preSolution
		HideSolutionNode = FALSE
	EndGlobalSection
	GlobalSection(ExtensibilityGlobals) = postSolution
		SolutionGuid = {DEC6CF61-C4D6-4C40-BE81-C49E7EB866C5}
	EndGlobalSection
EndGlobal
